{
  "name": "NewProject_1",
  "lockfileVersion": 2,
  "requires": true,
  "packages": {
    "": {
      "name": "NewProject_1",
      "dependencies": {
        "@gt-npm/gt-lib-ts": "^1.0.15",
        "vconsole": "^3.15.1"
      }
    },
    "node_modules/@babel/runtime": {
      "version": "7.25.6",
      "license": "MIT",
      "dependencies": {
        "regenerator-runtime": "^0.14.0"
      },
      "engines": {
        "node": ">=6.9.0"
      }
    },
    "node_modules/@gt-npm/gt-lib-ts": {
      "version": "1.0.15",
      "resolved": "https://asia-npm.pkg.dev/gcp-20240315-002/gt-npm/@gt-npm/gt-lib-ts/-/@gt-npm/gt-lib-ts-1.0.15.tgz",
      "integrity": "sha512-SeFO3OyhwsHbipCc/xXXMRx4mE6bfZ9J9aSsO1H2ST2Dw1TKohuq4QPyxU3xmZYr7TkriawNOU+J67x1ZAE4pA==",
      "license": "ISC",
      "dependencies": {
        "crypto-js": "^4.2.0",
        "vconsole": "^3.15.1"
      }
    },
    "node_modules/copy-text-to-clipboard": {
      "version": "3.2.0",
      "license": "MIT",
      "engines": {
        "node": ">=12"
      },
      "funding": {
        "url": "https://github.com/sponsors/sindresorhus"
      }
    },
    "node_modules/crypto-js": {
      "version": "4.2.0",
      "license": "MIT"
    },
    "node_modules/mutation-observer": {
      "version": "1.0.3"
    },
    "node_modules/regenerator-runtime": {
      "version": "0.14.1",
      "license": "MIT"
    },
    "node_modules/vconsole": {
      "version": "3.15.1",
      "resolved": "https://registry.npmjs.org/vconsole/-/vconsole-3.15.1.tgz",
      "integrity": "sha512-KH8XLdrq9T5YHJO/ixrjivHfmF2PC2CdVoK6RWZB4yftMykYIaXY1mxZYAic70vADM54kpMQF+dYmvl5NRNy1g==",
      "license": "MIT",
      "dependencies": {
        "@babel/runtime": "^7.17.2",
        "copy-text-to-clipboard": "^3.0.1",
        "core-js": "^3.11.0",
        "mutation-observer": "^1.0.3"
      }
    },
    "node_modules/vconsole/node_modules/core-js": {
      "version": "3.38.1",
      "resolved": "https://registry.npmjs.org/core-js/-/core-js-3.38.1.tgz",
      "integrity": "sha512-OP35aUorbU3Zvlx7pjsFdu1rGNnD4pgw/CWoYzRY3t2EzoVT7shKHY1dlAy3f41cGIO7ZDPQimhGFTlEYkG/Hw==",
      "hasInstallScript": true,
      "license": "MIT",
      "funding": {
        "type": "opencollective",
        "url": "https://opencollective.com/core-js"
      }
    }
  },
  "dependencies": {
    "@babel/runtime": {
      "version": "7.25.6",
      "requires": {
        "regenerator-runtime": "^0.14.0"
      }
    },
    "@gt-npm/gt-lib-ts": {
      "version": "1.0.15",
      "resolved": "https://asia-npm.pkg.dev/gcp-20240315-002/gt-npm/@gt-npm/gt-lib-ts/-/@gt-npm/gt-lib-ts-1.0.15.tgz",
      "integrity": "sha512-SeFO3OyhwsHbipCc/xXXMRx4mE6bfZ9J9aSsO1H2ST2Dw1TKohuq4QPyxU3xmZYr7TkriawNOU+J67x1ZAE4pA==",
      "requires": {
        "crypto-js": "^4.2.0",
        "vconsole": "^3.15.1"
      }
    },
    "copy-text-to-clipboard": {
      "version": "3.2.0"
    },
    "crypto-js": {
      "version": "4.2.0"
    },
    "mutation-observer": {
      "version": "1.0.3"
    },
    "regenerator-runtime": {
      "version": "0.14.1"
    },
    "vconsole": {
      "version": "3.15.1",
      "resolved": "https://registry.npmjs.org/vconsole/-/vconsole-3.15.1.tgz",
      "integrity": "sha512-KH8XLdrq9T5YHJO/ixrjivHfmF2PC2CdVoK6RWZB4yftMykYIaXY1mxZYAic70vADM54kpMQF+dYmvl5NRNy1g==",
      "requires": {
        "@babel/runtime": "^7.17.2",
        "copy-text-to-clipboard": "^3.0.1",
        "core-js": "^3.11.0",
        "mutation-observer": "^1.0.3"
      },
      "dependencies": {
        "core-js": {
          "version": "3.38.1",
          "resolved": "https://registry.npmjs.org/core-js/-/core-js-3.38.1.tgz",
          "integrity": "sha512-OP35aUorbU3Zvlx7pjsFdu1rGNnD4pgw/CWoYzRY3t2EzoVT7shKHY1dlAy3f41cGIO7ZDPQimhGFTlEYkG/Hw=="
        }
      }
    }
  }
}
